
Microsoft Visual Studio Solution File, Format Version 12.00
# Visual Studio Version 16
VisualStudioVersion = 16.0.31112.23
MinimumVisualStudioVersion = 10.0.40219.1
Project("{8BC9CEB8-8B4A-11D0-8D11-00A0C91BC942}") = "P1139 再分麦粒 CPP", "P1139 再分麦粒 CPP.vcxproj", "{79DCC1FF-DDD5-4616-AFAA-E36E439515F5}"
EndProject
Global
	GlobalSection(SolutionConfigurationPlatforms) = preSolution
		Debug|x64 = Debug|x64
		Debug|x86 = Debug|x86
		Release|x64 = Release|x64
		Release|x86 = Release|x86
	EndGlobalSection
	GlobalSection(ProjectConfigurationPlatforms) = postSolution
		{79DCC1FF-DDD5-4616-AFAA-E36E439515F5}.Debug|x64.ActiveCfg = Debug|x64
		{79DCC1FF-DDD5-4616-AFAA-E36E439515F5}.Debug|x64.Build.0 = Debug|x64
		{79DCC1FF-DDD5-4616-AFAA-E36E439515F5}.Debug|x86.ActiveCfg = Debug|Win32
		{79DCC1FF-DDD5-4616-AFAA-E36E439515F5}.Debug|x86.Build.0 = Debug|Win32
		{79DCC1FF-DDD5-4616-AFAA-E36E439515F5}.Release|x64.ActiveCfg = Release|x64
		{79DCC1FF-DDD5-4616-AFAA-E36E439515F5}.Release|x64.Build.0 = Release|x64
		{79DCC1FF-DDD5-4616-AFAA-E36E439515F5}.Release|x86.ActiveCfg = Release|Win32
		{79DCC1FF-DDD5-4616-AFAA-E36E439515F5}.Release|x86.Build.0 = Release|Win32
	EndGlobalSection
	GlobalSection(SolutionProperties) = preSolution
		HideSolutionNode = FALSE
	EndGlobalSection
	GlobalSection(ExtensibilityGlobals) = postSolution
		SolutionGuid = {3BE356B2-F112-4967-8190-EA14DC35FA6B}
	EndGlobalSection
EndGlobal
