
Microsoft Visual Studio Solution File, Format Version 12.00
# Visual Studio Version 16
VisualStudioVersion = 16.0.31019.35
MinimumVisualStudioVersion = 10.0.40219.1
Project("{8BC9CEB8-8B4A-11D0-8D11-00A0C91BC942}") = "P1333 科学计数法 CPP", "P1333 科学计数法 CPP.vcxproj", "{A76BD313-CD14-4A0D-B5FA-36633C637488}"
EndProject
Global
	GlobalSection(SolutionConfigurationPlatforms) = preSolution
		Debug|x64 = Debug|x64
		Debug|x86 = Debug|x86
		Release|x64 = Release|x64
		Release|x86 = Release|x86
	EndGlobalSection
	GlobalSection(ProjectConfigurationPlatforms) = postSolution
		{A76BD313-CD14-4A0D-B5FA-36633C637488}.Debug|x64.ActiveCfg = Debug|x64
		{A76BD313-CD14-4A0D-B5FA-36633C637488}.Debug|x64.Build.0 = Debug|x64
		{A76BD313-CD14-4A0D-B5FA-36633C637488}.Debug|x86.ActiveCfg = Debug|Win32
		{A76BD313-CD14-4A0D-B5FA-36633C637488}.Debug|x86.Build.0 = Debug|Win32
		{A76BD313-CD14-4A0D-B5FA-36633C637488}.Release|x64.ActiveCfg = Release|x64
		{A76BD313-CD14-4A0D-B5FA-36633C637488}.Release|x64.Build.0 = Release|x64
		{A76BD313-CD14-4A0D-B5FA-36633C637488}.Release|x86.ActiveCfg = Release|Win32
		{A76BD313-CD14-4A0D-B5FA-36633C637488}.Release|x86.Build.0 = Release|Win32
	EndGlobalSection
	GlobalSection(SolutionProperties) = preSolution
		HideSolutionNode = FALSE
	EndGlobalSection
	GlobalSection(ExtensibilityGlobals) = postSolution
		SolutionGuid = {0238E22E-954D-4D1C-81D1-C9AC71C2C661}
	EndGlobalSection
EndGlobal
