
Microsoft Visual Studio Solution File, Format Version 12.00
# Visual Studio Version 16
VisualStudioVersion = 16.0.31229.75
MinimumVisualStudioVersion = 10.0.40219.1
Project("{8BC9CEB8-8B4A-11D0-8D11-00A0C91BC942}") = "P1266 表达式求值 CPP", "P1266 表达式求值 CPP.vcxproj", "{909D8A5E-6422-49BD-8E5E-5E5CD7F3E385}"
EndProject
Global
	GlobalSection(SolutionConfigurationPlatforms) = preSolution
		Debug|x64 = Debug|x64
		Debug|x86 = Debug|x86
		Release|x64 = Release|x64
		Release|x86 = Release|x86
	EndGlobalSection
	GlobalSection(ProjectConfigurationPlatforms) = postSolution
		{909D8A5E-6422-49BD-8E5E-5E5CD7F3E385}.Debug|x64.ActiveCfg = Debug|x64
		{909D8A5E-6422-49BD-8E5E-5E5CD7F3E385}.Debug|x64.Build.0 = Debug|x64
		{909D8A5E-6422-49BD-8E5E-5E5CD7F3E385}.Debug|x86.ActiveCfg = Debug|Win32
		{909D8A5E-6422-49BD-8E5E-5E5CD7F3E385}.Debug|x86.Build.0 = Debug|Win32
		{909D8A5E-6422-49BD-8E5E-5E5CD7F3E385}.Release|x64.ActiveCfg = Release|x64
		{909D8A5E-6422-49BD-8E5E-5E5CD7F3E385}.Release|x64.Build.0 = Release|x64
		{909D8A5E-6422-49BD-8E5E-5E5CD7F3E385}.Release|x86.ActiveCfg = Release|Win32
		{909D8A5E-6422-49BD-8E5E-5E5CD7F3E385}.Release|x86.Build.0 = Release|Win32
	EndGlobalSection
	GlobalSection(SolutionProperties) = preSolution
		HideSolutionNode = FALSE
	EndGlobalSection
	GlobalSection(ExtensibilityGlobals) = postSolution
		SolutionGuid = {74E8709A-A935-43C1-8527-FE3DF11EA580}
	EndGlobalSection
EndGlobal
