
Microsoft Visual Studio Solution File, Format Version 12.00
# Visual Studio Version 16
VisualStudioVersion = 16.0.31019.35
MinimumVisualStudioVersion = 10.0.40219.1
Project("{8BC9CEB8-8B4A-11D0-8D11-00A0C91BC942}") = "P1326 分数的值 CPP", "P1326 分数的值 CPP.vcxproj", "{4AB800BD-A44F-434D-AD38-D9C4ACA54302}"
EndProject
Global
	GlobalSection(SolutionConfigurationPlatforms) = preSolution
		Debug|x64 = Debug|x64
		Debug|x86 = Debug|x86
		Release|x64 = Release|x64
		Release|x86 = Release|x86
	EndGlobalSection
	GlobalSection(ProjectConfigurationPlatforms) = postSolution
		{4AB800BD-A44F-434D-AD38-D9C4ACA54302}.Debug|x64.ActiveCfg = Debug|x64
		{4AB800BD-A44F-434D-AD38-D9C4ACA54302}.Debug|x64.Build.0 = Debug|x64
		{4AB800BD-A44F-434D-AD38-D9C4ACA54302}.Debug|x86.ActiveCfg = Debug|Win32
		{4AB800BD-A44F-434D-AD38-D9C4ACA54302}.Debug|x86.Build.0 = Debug|Win32
		{4AB800BD-A44F-434D-AD38-D9C4ACA54302}.Release|x64.ActiveCfg = Release|x64
		{4AB800BD-A44F-434D-AD38-D9C4ACA54302}.Release|x64.Build.0 = Release|x64
		{4AB800BD-A44F-434D-AD38-D9C4ACA54302}.Release|x86.ActiveCfg = Release|Win32
		{4AB800BD-A44F-434D-AD38-D9C4ACA54302}.Release|x86.Build.0 = Release|Win32
	EndGlobalSection
	GlobalSection(SolutionProperties) = preSolution
		HideSolutionNode = FALSE
	EndGlobalSection
	GlobalSection(ExtensibilityGlobals) = postSolution
		SolutionGuid = {05EF7144-CD43-4010-B1BC-4E5288E5DCDE}
	EndGlobalSection
EndGlobal
