
Microsoft Visual Studio Solution File, Format Version 12.00
# Visual Studio Version 16
VisualStudioVersion = 16.0.31313.79
MinimumVisualStudioVersion = 10.0.40219.1
Project("{8BC9CEB8-8B4A-11D0-8D11-00A0C91BC942}") = "P1430 油桶问题 CPP", "P1430 油桶问题 CPP.vcxproj", "{464DD2FD-6CFA-4246-AECD-B9B51F1ED1E2}"
EndProject
Global
	GlobalSection(SolutionConfigurationPlatforms) = preSolution
		Debug|x64 = Debug|x64
		Debug|x86 = Debug|x86
		Release|x64 = Release|x64
		Release|x86 = Release|x86
	EndGlobalSection
	GlobalSection(ProjectConfigurationPlatforms) = postSolution
		{464DD2FD-6CFA-4246-AECD-B9B51F1ED1E2}.Debug|x64.ActiveCfg = Debug|x64
		{464DD2FD-6CFA-4246-AECD-B9B51F1ED1E2}.Debug|x64.Build.0 = Debug|x64
		{464DD2FD-6CFA-4246-AECD-B9B51F1ED1E2}.Debug|x86.ActiveCfg = Debug|Win32
		{464DD2FD-6CFA-4246-AECD-B9B51F1ED1E2}.Debug|x86.Build.0 = Debug|Win32
		{464DD2FD-6CFA-4246-AECD-B9B51F1ED1E2}.Release|x64.ActiveCfg = Release|x64
		{464DD2FD-6CFA-4246-AECD-B9B51F1ED1E2}.Release|x64.Build.0 = Release|x64
		{464DD2FD-6CFA-4246-AECD-B9B51F1ED1E2}.Release|x86.ActiveCfg = Release|Win32
		{464DD2FD-6CFA-4246-AECD-B9B51F1ED1E2}.Release|x86.Build.0 = Release|Win32
	EndGlobalSection
	GlobalSection(SolutionProperties) = preSolution
		HideSolutionNode = FALSE
	EndGlobalSection
	GlobalSection(ExtensibilityGlobals) = postSolution
		SolutionGuid = {BF0566BA-3E89-4DDE-9777-48EC34761A03}
	EndGlobalSection
EndGlobal
