
Microsoft Visual Studio Solution File, Format Version 12.00
# Visual Studio Version 16
VisualStudioVersion = 16.0.31019.35
MinimumVisualStudioVersion = 10.0.40219.1
Project("{8BC9CEB8-8B4A-11D0-8D11-00A0C91BC942}") = "P1022 日历问题2 CPP", "P1022 日历问题2 CPP.vcxproj", "{8C24D612-6C8D-4A3A-9644-980556773E65}"
EndProject
Global
	GlobalSection(SolutionConfigurationPlatforms) = preSolution
		Debug|x64 = Debug|x64
		Debug|x86 = Debug|x86
		Release|x64 = Release|x64
		Release|x86 = Release|x86
	EndGlobalSection
	GlobalSection(ProjectConfigurationPlatforms) = postSolution
		{8C24D612-6C8D-4A3A-9644-980556773E65}.Debug|x64.ActiveCfg = Debug|x64
		{8C24D612-6C8D-4A3A-9644-980556773E65}.Debug|x64.Build.0 = Debug|x64
		{8C24D612-6C8D-4A3A-9644-980556773E65}.Debug|x86.ActiveCfg = Debug|Win32
		{8C24D612-6C8D-4A3A-9644-980556773E65}.Debug|x86.Build.0 = Debug|Win32
		{8C24D612-6C8D-4A3A-9644-980556773E65}.Release|x64.ActiveCfg = Release|x64
		{8C24D612-6C8D-4A3A-9644-980556773E65}.Release|x64.Build.0 = Release|x64
		{8C24D612-6C8D-4A3A-9644-980556773E65}.Release|x86.ActiveCfg = Release|Win32
		{8C24D612-6C8D-4A3A-9644-980556773E65}.Release|x86.Build.0 = Release|Win32
	EndGlobalSection
	GlobalSection(SolutionProperties) = preSolution
		HideSolutionNode = FALSE
	EndGlobalSection
	GlobalSection(ExtensibilityGlobals) = postSolution
		SolutionGuid = {DB2A61E0-8673-4472-893B-CBC7665E9139}
	EndGlobalSection
EndGlobal
