
Microsoft Visual Studio Solution File, Format Version 12.00
# Visual Studio Version 16
VisualStudioVersion = 16.0.31313.79
MinimumVisualStudioVersion = 10.0.40219.1
Project("{8BC9CEB8-8B4A-11D0-8D11-00A0C91BC942}") = "P1268 连续子段的最大和", "P1268 连续子段的最大和.vcxproj", "{BB232AA9-2D51-40E5-AA92-2A01075824F8}"
EndProject
Global
	GlobalSection(SolutionConfigurationPlatforms) = preSolution
		Debug|x64 = Debug|x64
		Debug|x86 = Debug|x86
		Release|x64 = Release|x64
		Release|x86 = Release|x86
	EndGlobalSection
	GlobalSection(ProjectConfigurationPlatforms) = postSolution
		{BB232AA9-2D51-40E5-AA92-2A01075824F8}.Debug|x64.ActiveCfg = Debug|x64
		{BB232AA9-2D51-40E5-AA92-2A01075824F8}.Debug|x64.Build.0 = Debug|x64
		{BB232AA9-2D51-40E5-AA92-2A01075824F8}.Debug|x86.ActiveCfg = Debug|Win32
		{BB232AA9-2D51-40E5-AA92-2A01075824F8}.Debug|x86.Build.0 = Debug|Win32
		{BB232AA9-2D51-40E5-AA92-2A01075824F8}.Release|x64.ActiveCfg = Release|x64
		{BB232AA9-2D51-40E5-AA92-2A01075824F8}.Release|x64.Build.0 = Release|x64
		{BB232AA9-2D51-40E5-AA92-2A01075824F8}.Release|x86.ActiveCfg = Release|Win32
		{BB232AA9-2D51-40E5-AA92-2A01075824F8}.Release|x86.Build.0 = Release|Win32
	EndGlobalSection
	GlobalSection(SolutionProperties) = preSolution
		HideSolutionNode = FALSE
	EndGlobalSection
	GlobalSection(ExtensibilityGlobals) = postSolution
		SolutionGuid = {397AF132-BD51-42F0-898A-5F2933F4A02E}
	EndGlobalSection
EndGlobal
