
Microsoft Visual Studio Solution File, Format Version 12.00
# Visual Studio Version 16
VisualStudioVersion = 16.0.30611.23
MinimumVisualStudioVersion = 10.0.40219.1
Project("{8BC9CEB8-8B4A-11D0-8D11-00A0C91BC942}") = "P1098 素数因子 C", "P1098 素数因子 C.vcxproj", "{1BA56396-2704-4DDC-A5EC-C5B4022B9ADF}"
EndProject
Global
	GlobalSection(SolutionConfigurationPlatforms) = preSolution
		Debug|x64 = Debug|x64
		Debug|x86 = Debug|x86
		Release|x64 = Release|x64
		Release|x86 = Release|x86
	EndGlobalSection
	GlobalSection(ProjectConfigurationPlatforms) = postSolution
		{1BA56396-2704-4DDC-A5EC-C5B4022B9ADF}.Debug|x64.ActiveCfg = Debug|x64
		{1BA56396-2704-4DDC-A5EC-C5B4022B9ADF}.Debug|x64.Build.0 = Debug|x64
		{1BA56396-2704-4DDC-A5EC-C5B4022B9ADF}.Debug|x86.ActiveCfg = Debug|Win32
		{1BA56396-2704-4DDC-A5EC-C5B4022B9ADF}.Debug|x86.Build.0 = Debug|Win32
		{1BA56396-2704-4DDC-A5EC-C5B4022B9ADF}.Release|x64.ActiveCfg = Release|x64
		{1BA56396-2704-4DDC-A5EC-C5B4022B9ADF}.Release|x64.Build.0 = Release|x64
		{1BA56396-2704-4DDC-A5EC-C5B4022B9ADF}.Release|x86.ActiveCfg = Release|Win32
		{1BA56396-2704-4DDC-A5EC-C5B4022B9ADF}.Release|x86.Build.0 = Release|Win32
	EndGlobalSection
	GlobalSection(SolutionProperties) = preSolution
		HideSolutionNode = FALSE
	EndGlobalSection
	GlobalSection(ExtensibilityGlobals) = postSolution
		SolutionGuid = {AF65D28F-3D3D-49EB-8964-F46779691C15}
	EndGlobalSection
EndGlobal
