
Microsoft Visual Studio Solution File, Format Version 12.00
# Visual Studio Version 16
VisualStudioVersion = 16.0.30611.23
MinimumVisualStudioVersion = 10.0.40219.1
Project("{8BC9CEB8-8B4A-11D0-8D11-00A0C91BC942}") = "P1008 质数还是合数 C", "P1008 质数还是合数 C.vcxproj", "{A720A698-1688-478C-8202-30A3E4934AB1}"
EndProject
Global
	GlobalSection(SolutionConfigurationPlatforms) = preSolution
		Debug|x64 = Debug|x64
		Debug|x86 = Debug|x86
		Release|x64 = Release|x64
		Release|x86 = Release|x86
	EndGlobalSection
	GlobalSection(ProjectConfigurationPlatforms) = postSolution
		{A720A698-1688-478C-8202-30A3E4934AB1}.Debug|x64.ActiveCfg = Debug|x64
		{A720A698-1688-478C-8202-30A3E4934AB1}.Debug|x64.Build.0 = Debug|x64
		{A720A698-1688-478C-8202-30A3E4934AB1}.Debug|x86.ActiveCfg = Debug|Win32
		{A720A698-1688-478C-8202-30A3E4934AB1}.Debug|x86.Build.0 = Debug|Win32
		{A720A698-1688-478C-8202-30A3E4934AB1}.Release|x64.ActiveCfg = Release|x64
		{A720A698-1688-478C-8202-30A3E4934AB1}.Release|x64.Build.0 = Release|x64
		{A720A698-1688-478C-8202-30A3E4934AB1}.Release|x86.ActiveCfg = Release|Win32
		{A720A698-1688-478C-8202-30A3E4934AB1}.Release|x86.Build.0 = Release|Win32
	EndGlobalSection
	GlobalSection(SolutionProperties) = preSolution
		HideSolutionNode = FALSE
	EndGlobalSection
	GlobalSection(ExtensibilityGlobals) = postSolution
		SolutionGuid = {9CD436E9-8516-4929-8FDB-3B75261DEFF2}
	EndGlobalSection
EndGlobal
