
Microsoft Visual Studio Solution File, Format Version 12.00
# Visual Studio Version 16
VisualStudioVersion = 16.0.31019.35
MinimumVisualStudioVersion = 10.0.40219.1
Project("{8BC9CEB8-8B4A-11D0-8D11-00A0C91BC942}") = "P1017 分数加法2 CPP", "P1017 分数加法2 CPP.vcxproj", "{A389C6E7-044D-4456-A314-30FB1F23E0FF}"
EndProject
Global
	GlobalSection(SolutionConfigurationPlatforms) = preSolution
		Debug|x64 = Debug|x64
		Debug|x86 = Debug|x86
		Release|x64 = Release|x64
		Release|x86 = Release|x86
	EndGlobalSection
	GlobalSection(ProjectConfigurationPlatforms) = postSolution
		{A389C6E7-044D-4456-A314-30FB1F23E0FF}.Debug|x64.ActiveCfg = Debug|x64
		{A389C6E7-044D-4456-A314-30FB1F23E0FF}.Debug|x64.Build.0 = Debug|x64
		{A389C6E7-044D-4456-A314-30FB1F23E0FF}.Debug|x86.ActiveCfg = Debug|Win32
		{A389C6E7-044D-4456-A314-30FB1F23E0FF}.Debug|x86.Build.0 = Debug|Win32
		{A389C6E7-044D-4456-A314-30FB1F23E0FF}.Release|x64.ActiveCfg = Release|x64
		{A389C6E7-044D-4456-A314-30FB1F23E0FF}.Release|x64.Build.0 = Release|x64
		{A389C6E7-044D-4456-A314-30FB1F23E0FF}.Release|x86.ActiveCfg = Release|Win32
		{A389C6E7-044D-4456-A314-30FB1F23E0FF}.Release|x86.Build.0 = Release|Win32
	EndGlobalSection
	GlobalSection(SolutionProperties) = preSolution
		HideSolutionNode = FALSE
	EndGlobalSection
	GlobalSection(ExtensibilityGlobals) = postSolution
		SolutionGuid = {6F853F00-19CD-4A68-BE57-A7FCF70196CA}
	EndGlobalSection
EndGlobal
