
Microsoft Visual Studio Solution File, Format Version 12.00
# Visual Studio Version 16
VisualStudioVersion = 16.0.31019.35
MinimumVisualStudioVersion = 10.0.40219.1
Project("{8BC9CEB8-8B4A-11D0-8D11-00A0C91BC942}") = "P1021 日历问题 CPP", "P1021 日历问题 CPP.vcxproj", "{3ECF7ED0-75B8-442E-B089-4D6E5129EF7E}"
EndProject
Global
	GlobalSection(SolutionConfigurationPlatforms) = preSolution
		Debug|x64 = Debug|x64
		Debug|x86 = Debug|x86
		Release|x64 = Release|x64
		Release|x86 = Release|x86
	EndGlobalSection
	GlobalSection(ProjectConfigurationPlatforms) = postSolution
		{3ECF7ED0-75B8-442E-B089-4D6E5129EF7E}.Debug|x64.ActiveCfg = Debug|x64
		{3ECF7ED0-75B8-442E-B089-4D6E5129EF7E}.Debug|x64.Build.0 = Debug|x64
		{3ECF7ED0-75B8-442E-B089-4D6E5129EF7E}.Debug|x86.ActiveCfg = Debug|Win32
		{3ECF7ED0-75B8-442E-B089-4D6E5129EF7E}.Debug|x86.Build.0 = Debug|Win32
		{3ECF7ED0-75B8-442E-B089-4D6E5129EF7E}.Release|x64.ActiveCfg = Release|x64
		{3ECF7ED0-75B8-442E-B089-4D6E5129EF7E}.Release|x64.Build.0 = Release|x64
		{3ECF7ED0-75B8-442E-B089-4D6E5129EF7E}.Release|x86.ActiveCfg = Release|Win32
		{3ECF7ED0-75B8-442E-B089-4D6E5129EF7E}.Release|x86.Build.0 = Release|Win32
	EndGlobalSection
	GlobalSection(SolutionProperties) = preSolution
		HideSolutionNode = FALSE
	EndGlobalSection
	GlobalSection(ExtensibilityGlobals) = postSolution
		SolutionGuid = {01834384-0A28-4730-9951-E903E0A28D01}
	EndGlobalSection
EndGlobal
